
Microsoft Visual Studio Solution File, Format Version 12.00
# Visual Studio Version 17
VisualStudioVersion = 17.10.35122.118
MinimumVisualStudioVersion = 10.0.40219.1
Project("{9A19103F-16F7-4668-BE54-9A1E7A4F7556}") = "Landing_Page.Module", "Landing_Page.Module\Landing_Page.Module.csproj", "{8E456B5D-64B2-4892-91CE-C45E89976491}"
EndProject
Project("{9A19103F-16F7-4668-BE54-9A1E7A4F7556}") = "Landing_Page.Blazor.Server", "Landing_Page.Blazor.Server\Landing_Page.Blazor.Server.csproj", "{4AB60C69-9E57-4607-9891-EBD7FD5E6BCB}"
EndProject
Global
	GlobalSection(SolutionConfigurationPlatforms) = preSolution
		Debug|Any CPU = Debug|Any CPU
		EasyTest|Any CPU = EasyTest|Any CPU
		Release|Any CPU = Release|Any CPU
	EndGlobalSection
	GlobalSection(ProjectConfigurationPlatforms) = postSolution
		{8E456B5D-64B2-4892-91CE-C45E89976491}.Debug|Any CPU.ActiveCfg = Debug|Any CPU
		{8E456B5D-64B2-4892-91CE-C45E89976491}.Debug|Any CPU.Build.0 = Debug|Any CPU
		{8E456B5D-64B2-4892-91CE-C45E89976491}.EasyTest|Any CPU.ActiveCfg = EasyTest|Any CPU
		{8E456B5D-64B2-4892-91CE-C45E89976491}.EasyTest|Any CPU.Build.0 = EasyTest|Any CPU
		{8E456B5D-64B2-4892-91CE-C45E89976491}.Release|Any CPU.ActiveCfg = Release|Any CPU
		{8E456B5D-64B2-4892-91CE-C45E89976491}.Release|Any CPU.Build.0 = Release|Any CPU
		{4AB60C69-9E57-4607-9891-EBD7FD5E6BCB}.Debug|Any CPU.ActiveCfg = Debug|Any CPU
		{4AB60C69-9E57-4607-9891-EBD7FD5E6BCB}.Debug|Any CPU.Build.0 = Debug|Any CPU
		{4AB60C69-9E57-4607-9891-EBD7FD5E6BCB}.EasyTest|Any CPU.ActiveCfg = EasyTest|Any CPU
		{4AB60C69-9E57-4607-9891-EBD7FD5E6BCB}.EasyTest|Any CPU.Build.0 = EasyTest|Any CPU
		{4AB60C69-9E57-4607-9891-EBD7FD5E6BCB}.Release|Any CPU.ActiveCfg = Release|Any CPU
		{4AB60C69-9E57-4607-9891-EBD7FD5E6BCB}.Release|Any CPU.Build.0 = Release|Any CPU
	EndGlobalSection
	GlobalSection(SolutionProperties) = preSolution
		HideSolutionNode = FALSE
	EndGlobalSection
	GlobalSection(ExtensibilityGlobals) = postSolution
		SolutionGuid = {A1EE68E1-0350-4219-A961-E9954FFD1721}
	EndGlobalSection
EndGlobal
